
Microsoft Visual Studio Solution File, Format Version 12.00
# Visual Studio 14
VisualStudioVersion = 14.0.25420.1
MinimumVisualStudioVersion = 10.0.40219.1
Project("{FAE04EC0-301F-11D3-BF4B-00C04F79EFBC}") = "Lfx", "Lfx\Lfx.csproj", "{8FF39B3F-BABE-4CD8-9CCD-43B74786DBDB}"
EndProject
Project("{2150E333-8FDC-42A3-9474-1A3956D46DE8}") = "Solution Items", "Solution Items", "{E9DCE1A3-CB27-4277-B13C-EE1D781D6D56}"
	ProjectSection(SolutionItems) = preProject
		lfx.nuspec = lfx.nuspec
	EndProjectSection
EndProject
Project("{D954291E-2A0B-460D-934E-DC6B0785DB48}") = ".repo", ".repo.shproj", "{F94D23F0-AA76-4602-8545-3A4F3F8FE824}"
EndProject
Project("{FAE04EC0-301F-11D3-BF4B-00C04F79EFBC}") = "Util", "Util\Util.csproj", "{9C33358D-6452-43A6-9D89-670ECD8C4358}"
EndProject
Project("{FAE04EC0-301F-11D3-BF4B-00C04F79EFBC}") = "Lfx.Test", "Lfx.Test\Lfx.Test.csproj", "{96B028A6-8644-4D03-83EF-55088FB00D21}"
EndProject
Global
	GlobalSection(SharedMSBuildProjectFiles) = preSolution
		.repo.projitems*{f94d23f0-aa76-4602-8545-3a4f3f8fe824}*SharedItemsImports = 13
	EndGlobalSection
	GlobalSection(SolutionConfigurationPlatforms) = preSolution
		Debug|Any CPU = Debug|Any CPU
		Release|Any CPU = Release|Any CPU
	EndGlobalSection
	GlobalSection(ProjectConfigurationPlatforms) = postSolution
		{8FF39B3F-BABE-4CD8-9CCD-43B74786DBDB}.Debug|Any CPU.ActiveCfg = Debug|Any CPU
		{8FF39B3F-BABE-4CD8-9CCD-43B74786DBDB}.Debug|Any CPU.Build.0 = Debug|Any CPU
		{8FF39B3F-BABE-4CD8-9CCD-43B74786DBDB}.Release|Any CPU.ActiveCfg = Release|Any CPU
		{8FF39B3F-BABE-4CD8-9CCD-43B74786DBDB}.Release|Any CPU.Build.0 = Release|Any CPU
		{9C33358D-6452-43A6-9D89-670ECD8C4358}.Debug|Any CPU.ActiveCfg = Debug|Any CPU
		{9C33358D-6452-43A6-9D89-670ECD8C4358}.Debug|Any CPU.Build.0 = Debug|Any CPU
		{9C33358D-6452-43A6-9D89-670ECD8C4358}.Release|Any CPU.ActiveCfg = Release|Any CPU
		{9C33358D-6452-43A6-9D89-670ECD8C4358}.Release|Any CPU.Build.0 = Release|Any CPU
		{96B028A6-8644-4D03-83EF-55088FB00D21}.Debug|Any CPU.ActiveCfg = Debug|Any CPU
		{96B028A6-8644-4D03-83EF-55088FB00D21}.Release|Any CPU.ActiveCfg = Release|Any CPU
	EndGlobalSection
	GlobalSection(SolutionProperties) = preSolution
		HideSolutionNode = FALSE
	EndGlobalSection
EndGlobal
